// !$*UTF8*$!
{
	archiveVersion = 1;
	classes = {
	};
	objectVersion = 46;
	objects = {

/* Begin PBXBuildFile section */
		35058F821A12F8EF00019150 /* Dictionary+OAuthSwift.swift in Sources */ = {isa = PBXBuildFile; fileRef = 35058F751A12F8EF00019150 /* Dictionary+OAuthSwift.swift */; };
		35058F831A12F8EF00019150 /* NSURL+OAuthSwift.swift in Sources */ = {isa = PBXBuildFile; fileRef = 35058F761A12F8EF00019150 /* NSURL+OAuthSwift.swift */; };
		35058F841A12F8EF00019150 /* String+OAuthSwift.swift in Sources */ = {isa = PBXBuildFile; fileRef = 35058F771A12F8EF00019150 /* String+OAuthSwift.swift */; };
		35058F851A12F8EF00019150 /* OAuth1Swift.swift in Sources */ = {isa = PBXBuildFile; fileRef = 35058F791A12F8EF00019150 /* OAuth1Swift.swift */; };
		35058F861A12F8EF00019150 /* OAuth2Swift.swift in Sources */ = {isa = PBXBuildFile; fileRef = 35058F7A1A12F8EF00019150 /* OAuth2Swift.swift */; };
		35058F871A12F8EF00019150 /* OAuthSwiftClient.swift in Sources */ = {isa = PBXBuildFile; fileRef = 35058F7B1A12F8EF00019150 /* OAuthSwiftClient.swift */; };
		35058F881A12F8EF00019150 /* OAuthSwiftCredential.swift in Sources */ = {isa = PBXBuildFile; fileRef = 35058F7C1A12F8EF00019150 /* OAuthSwiftCredential.swift */; };
		35058F891A12F8EF00019150 /* OAuthSwiftHTTPRequest.swift in Sources */ = {isa = PBXBuildFile; fileRef = 35058F7D1A12F8EF00019150 /* OAuthSwiftHTTPRequest.swift */; };
		35058F8A1A12F8EF00019150 /* HMACSHA1Signature.m in Sources */ = {isa = PBXBuildFile; fileRef = 35058F7F1A12F8EF00019150 /* HMACSHA1Signature.m */; };
		35058F8C1A12F97500019150 /* Constants.swift in Sources */ = {isa = PBXBuildFile; fileRef = 35058F8B1A12F97500019150 /* Constants.swift */; };
		353BEF5D19EE6C790075263B /* SwiftHTTP.framework in Frameworks */ = {isa = PBXBuildFile; fileRef = 359DD41919EE4E49002D6495 /* SwiftHTTP.framework */; };
		353BEF5E19EE6C790075263B /* SwiftHTTP.framework in Embed Frameworks */ = {isa = PBXBuildFile; fileRef = 359DD41919EE4E49002D6495 /* SwiftHTTP.framework */; settings = {ATTRIBUTES = (CodeSignOnCopy, RemoveHeadersOnCopy, ); }; };
		3592877B19EF2B0A0005719B /* User.xcdatamodeld in Sources */ = {isa = PBXBuildFile; fileRef = 3592877919EF2B0A0005719B /* User.xcdatamodeld */; };
		3592877D19EF2B520005719B /* UserEn.swift in Sources */ = {isa = PBXBuildFile; fileRef = 3592877C19EF2B520005719B /* UserEn.swift */; };
		637279E919DBA10800721AD0 /* LoginController.swift in Sources */ = {isa = PBXBuildFile; fileRef = 637279E819DBA10800721AD0 /* LoginController.swift */; };
		63B0B0D319E4C15600A281B1 /* Poster.swift in Sources */ = {isa = PBXBuildFile; fileRef = 63B0B0D219E4C15600A281B1 /* Poster.swift */; };
		63B0B0D519E4EC4700A281B1 /* User.swift in Sources */ = {isa = PBXBuildFile; fileRef = 63B0B0D419E4EC4700A281B1 /* User.swift */; };
		63DC63F719B9416700F7981C /* AppDelegate.swift in Sources */ = {isa = PBXBuildFile; fileRef = 63DC63F619B9416700F7981C /* AppDelegate.swift */; };
		63DC63F919B9416700F7981C /* FirstViewController.swift in Sources */ = {isa = PBXBuildFile; fileRef = 63DC63F819B9416700F7981C /* FirstViewController.swift */; };
		63DC63FB19B9416700F7981C /* SecondViewController.swift in Sources */ = {isa = PBXBuildFile; fileRef = 63DC63FA19B9416700F7981C /* SecondViewController.swift */; };
		63DC63FE19B9416800F7981C /* Main.storyboard in Resources */ = {isa = PBXBuildFile; fileRef = 63DC63FC19B9416800F7981C /* Main.storyboard */; };
		63DC640019B9416800F7981C /* Images.xcassets in Resources */ = {isa = PBXBuildFile; fileRef = 63DC63FF19B9416800F7981C /* Images.xcassets */; };
		63DC640C19B9416800F7981C /* wgoTests.swift in Sources */ = {isa = PBXBuildFile; fileRef = 63DC640B19B9416800F7981C /* wgoTests.swift */; };
		B90CC5D11A11989E00C67ED7 /* CalenderController.swift in Sources */ = {isa = PBXBuildFile; fileRef = B90CC5D01A11989E00C67ED7 /* CalenderController.swift */; };
		B950931B1A11B56B008F9312 /* AddEventView.swift in Sources */ = {isa = PBXBuildFile; fileRef = B950931A1A11B56B008F9312 /* AddEventView.swift */; };
		B95A01B11A09553F00ECDEB4 /* View.xib in Resources */ = {isa = PBXBuildFile; fileRef = B95A01B01A09553F00ECDEB4 /* View.xib */; };
		B9AD9F971A0862050045FDD4 /* EventsViewController.swift in Sources */ = {isa = PBXBuildFile; fileRef = B9AD9F961A0862050045FDD4 /* EventsViewController.swift */; };
/* End PBXBuildFile section */

/* Begin PBXContainerItemProxy section */
		35058F711A12F68400019150 /* PBXContainerItemProxy */ = {
			isa = PBXContainerItemProxy;
			containerPortal = 35058F6C1A12F68400019150 /* OAuthSwift.xcodeproj */;
			proxyType = 2;
			remoteGlobalIDString = F451E3C5195B8CD80051434C;
			remoteInfo = OAuthSwift;
		};
		35058F731A12F68400019150 /* PBXContainerItemProxy */ = {
			isa = PBXContainerItemProxy;
			containerPortal = 35058F6C1A12F68400019150 /* OAuthSwift.xcodeproj */;
			proxyType = 2;
			remoteGlobalIDString = F451E3D2195B8CD80051434C;
			remoteInfo = OAuthSwiftTests;
		};
		353BEF5F19EE6C790075263B /* PBXContainerItemProxy */ = {
			isa = PBXContainerItemProxy;
			containerPortal = 359DD41119EE4E49002D6495 /* SwiftHTTP.xcodeproj */;
			proxyType = 1;
			remoteGlobalIDString = 6BFD901519C8D8B500DD99B6;
			remoteInfo = SwiftHTTP;
		};
		359DD41819EE4E49002D6495 /* PBXContainerItemProxy */ = {
			isa = PBXContainerItemProxy;
			containerPortal = 359DD41119EE4E49002D6495 /* SwiftHTTP.xcodeproj */;
			proxyType = 2;
			remoteGlobalIDString = 6BFD901619C8D8B500DD99B6;
			remoteInfo = SwiftHTTP;
		};
		359DD41A19EE4E49002D6495 /* PBXContainerItemProxy */ = {
			isa = PBXContainerItemProxy;
			containerPortal = 359DD41119EE4E49002D6495 /* SwiftHTTP.xcodeproj */;
			proxyType = 2;
			remoteGlobalIDString = 6BFD902119C8D8B500DD99B6;
			remoteInfo = SwiftHTTPTests;
		};
		359DD41C19EE4E49002D6495 /* PBXContainerItemProxy */ = {
			isa = PBXContainerItemProxy;
			containerPortal = 359DD41119EE4E49002D6495 /* SwiftHTTP.xcodeproj */;
			proxyType = 2;
			remoteGlobalIDString = D958025919E6EEEB003C8218;
			remoteInfo = SwiftHTTPOSX;
		};
		359DD41E19EE4E49002D6495 /* PBXContainerItemProxy */ = {
			isa = PBXContainerItemProxy;
			containerPortal = 359DD41119EE4E49002D6495 /* SwiftHTTP.xcodeproj */;
			proxyType = 2;
			remoteGlobalIDString = D958026319E6EEEB003C8218;
			remoteInfo = SwiftHTTPOSXTests;
		};
		63DC640619B9416800F7981C /* PBXContainerItemProxy */ = {
			isa = PBXContainerItemProxy;
			containerPortal = 63DC63E919B9416600F7981C /* Project object */;
			proxyType = 1;
			remoteGlobalIDString = 63DC63F019B9416700F7981C;
			remoteInfo = wgo;
		};
/* End PBXContainerItemProxy section */

/* Begin PBXCopyFilesBuildPhase section */
		353BEF6119EE6C7A0075263B /* Embed Frameworks */ = {
			isa = PBXCopyFilesBuildPhase;
			buildActionMask = 2147483647;
			dstPath = "";
			dstSubfolderSpec = 10;
			files = (
				353BEF5E19EE6C790075263B /* SwiftHTTP.framework in Embed Frameworks */,
			);
			name = "Embed Frameworks";
			runOnlyForDeploymentPostprocessing = 0;
		};
/* End PBXCopyFilesBuildPhase section */

/* Begin PBXFileReference section */
		35058F6C1A12F68400019150 /* OAuthSwift.xcodeproj */ = {isa = PBXFileReference; lastKnownFileType = "wrapper.pb-project"; name = OAuthSwift.xcodeproj; path = ../OAuthSwift/OAuthSwift.xcodeproj; sourceTree = "<group>"; };
		35058F751A12F8EF00019150 /* Dictionary+OAuthSwift.swift */ = {isa = PBXFileReference; fileEncoding = 4; lastKnownFileType = sourcecode.swift; path = "Dictionary+OAuthSwift.swift"; sourceTree = "<group>"; };
		35058F761A12F8EF00019150 /* NSURL+OAuthSwift.swift */ = {isa = PBXFileReference; fileEncoding = 4; lastKnownFileType = sourcecode.swift; path = "NSURL+OAuthSwift.swift"; sourceTree = "<group>"; };
		35058F771A12F8EF00019150 /* String+OAuthSwift.swift */ = {isa = PBXFileReference; fileEncoding = 4; lastKnownFileType = sourcecode.swift; path = "String+OAuthSwift.swift"; sourceTree = "<group>"; };
		35058F791A12F8EF00019150 /* OAuth1Swift.swift */ = {isa = PBXFileReference; fileEncoding = 4; lastKnownFileType = sourcecode.swift; path = OAuth1Swift.swift; sourceTree = "<group>"; };
		35058F7A1A12F8EF00019150 /* OAuth2Swift.swift */ = {isa = PBXFileReference; fileEncoding = 4; lastKnownFileType = sourcecode.swift; path = OAuth2Swift.swift; sourceTree = "<group>"; };
		35058F7B1A12F8EF00019150 /* OAuthSwiftClient.swift */ = {isa = PBXFileReference; fileEncoding = 4; lastKnownFileType = sourcecode.swift; path = OAuthSwiftClient.swift; sourceTree = "<group>"; };
		35058F7C1A12F8EF00019150 /* OAuthSwiftCredential.swift */ = {isa = PBXFileReference; fileEncoding = 4; lastKnownFileType = sourcecode.swift; path = OAuthSwiftCredential.swift; sourceTree = "<group>"; };
		35058F7D1A12F8EF00019150 /* OAuthSwiftHTTPRequest.swift */ = {isa = PBXFileReference; fileEncoding = 4; lastKnownFileType = sourcecode.swift; path = OAuthSwiftHTTPRequest.swift; sourceTree = "<group>"; };
		35058F7E1A12F8EF00019150 /* HMACSHA1Signature.h */ = {isa = PBXFileReference; fileEncoding = 4; lastKnownFileType = sourcecode.c.h; path = HMACSHA1Signature.h; sourceTree = "<group>"; };
		35058F7F1A12F8EF00019150 /* HMACSHA1Signature.m */ = {isa = PBXFileReference; fileEncoding = 4; lastKnownFileType = sourcecode.c.objc; path = HMACSHA1Signature.m; sourceTree = "<group>"; };
		35058F801A12F8EF00019150 /* OAuthSwift-Bridging-Header.h */ = {isa = PBXFileReference; fileEncoding = 4; lastKnownFileType = sourcecode.c.h; path = "OAuthSwift-Bridging-Header.h"; sourceTree = "<group>"; };
		35058F8B1A12F97500019150 /* Constants.swift */ = {isa = PBXFileReference; fileEncoding = 4; lastKnownFileType = sourcecode.swift; path = Constants.swift; sourceTree = "<group>"; };
		3592877A19EF2B0A0005719B /* User.xcdatamodel */ = {isa = PBXFileReference; lastKnownFileType = wrapper.xcdatamodel; path = User.xcdatamodel; sourceTree = "<group>"; };
		3592877C19EF2B520005719B /* UserEn.swift */ = {isa = PBXFileReference; fileEncoding = 4; lastKnownFileType = sourcecode.swift; path = UserEn.swift; sourceTree = "<group>"; };
		359DD41119EE4E49002D6495 /* SwiftHTTP.xcodeproj */ = {isa = PBXFileReference; lastKnownFileType = "wrapper.pb-project"; name = SwiftHTTP.xcodeproj; path = "../SwiftHTTP-feature-xcode-6.1/SwiftHTTP.xcodeproj"; sourceTree = "<group>"; };
		637279E819DBA10800721AD0 /* LoginController.swift */ = {isa = PBXFileReference; fileEncoding = 4; lastKnownFileType = sourcecode.swift; path = LoginController.swift; sourceTree = "<group>"; };
		63B0B0D219E4C15600A281B1 /* Poster.swift */ = {isa = PBXFileReference; fileEncoding = 4; lastKnownFileType = sourcecode.swift; path = Poster.swift; sourceTree = "<group>"; };
		63B0B0D419E4EC4700A281B1 /* User.swift */ = {isa = PBXFileReference; fileEncoding = 4; lastKnownFileType = sourcecode.swift; path = User.swift; sourceTree = "<group>"; };
		63DC63F119B9416700F7981C /* wgo.app */ = {isa = PBXFileReference; explicitFileType = wrapper.application; includeInIndex = 0; path = wgo.app; sourceTree = BUILT_PRODUCTS_DIR; };
		63DC63F519B9416700F7981C /* Info.plist */ = {isa = PBXFileReference; lastKnownFileType = text.plist.xml; path = Info.plist; sourceTree = "<group>"; };
		63DC63F619B9416700F7981C /* AppDelegate.swift */ = {isa = PBXFileReference; lastKnownFileType = sourcecode.swift; path = AppDelegate.swift; sourceTree = "<group>"; };
		63DC63F819B9416700F7981C /* FirstViewController.swift */ = {isa = PBXFileReference; lastKnownFileType = sourcecode.swift; path = FirstViewController.swift; sourceTree = "<group>"; };
		63DC63FA19B9416700F7981C /* SecondViewController.swift */ = {isa = PBXFileReference; lastKnownFileType = sourcecode.swift; path = SecondViewController.swift; sourceTree = "<group>"; };
		63DC63FD19B9416800F7981C /* Base */ = {isa = PBXFileReference; lastKnownFileType = file.storyboard; name = Base; path = Base.lproj/Main.storyboard; sourceTree = "<group>"; };
		63DC63FF19B9416800F7981C /* Images.xcassets */ = {isa = PBXFileReference; lastKnownFileType = folder.assetcatalog; path = Images.xcassets; sourceTree = "<group>"; };
		63DC640519B9416800F7981C /* wgoTests.xctest */ = {isa = PBXFileReference; explicitFileType = wrapper.cfbundle; includeInIndex = 0; path = wgoTests.xctest; sourceTree = BUILT_PRODUCTS_DIR; };
		63DC640A19B9416800F7981C /* Info.plist */ = {isa = PBXFileReference; lastKnownFileType = text.plist.xml; path = Info.plist; sourceTree = "<group>"; };
		63DC640B19B9416800F7981C /* wgoTests.swift */ = {isa = PBXFileReference; lastKnownFileType = sourcecode.swift; path = wgoTests.swift; sourceTree = "<group>"; };
		B90CC5D01A11989E00C67ED7 /* CalenderController.swift */ = {isa = PBXFileReference; fileEncoding = 4; lastKnownFileType = sourcecode.swift; path = CalenderController.swift; sourceTree = "<group>"; };
		B950931A1A11B56B008F9312 /* AddEventView.swift */ = {isa = PBXFileReference; fileEncoding = 4; lastKnownFileType = sourcecode.swift; path = AddEventView.swift; sourceTree = "<group>"; };
		B95A01B01A09553F00ECDEB4 /* View.xib */ = {isa = PBXFileReference; fileEncoding = 4; lastKnownFileType = file.xib; path = View.xib; sourceTree = "<group>"; };
		B9AD9F961A0862050045FDD4 /* EventsViewController.swift */ = {isa = PBXFileReference; fileEncoding = 4; lastKnownFileType = sourcecode.swift; path = EventsViewController.swift; sourceTree = "<group>"; };
/* End PBXFileReference section */

/* Begin PBXFrameworksBuildPhase section */
		63DC63EE19B9416700F7981C /* Frameworks */ = {
			isa = PBXFrameworksBuildPhase;
			buildActionMask = 2147483647;
			files = (
				353BEF5D19EE6C790075263B /* SwiftHTTP.framework in Frameworks */,
			);
			runOnlyForDeploymentPostprocessing = 0;
		};
		63DC640219B9416800F7981C /* Frameworks */ = {
			isa = PBXFrameworksBuildPhase;
			buildActionMask = 2147483647;
			files = (
			);
			runOnlyForDeploymentPostprocessing = 0;
		};
/* End PBXFrameworksBuildPhase section */

/* Begin PBXGroup section */
		35058F6D1A12F68400019150 /* Products */ = {
			isa = PBXGroup;
			children = (
				35058F721A12F68400019150 /* OAuthSwift.app */,
				35058F741A12F68400019150 /* OAuthSwiftTests.xctest */,
			);
			name = Products;
			sourceTree = "<group>";
		};
		35058F781A12F8EF00019150 /* extension */ = {
			isa = PBXGroup;
			children = (
				35058F751A12F8EF00019150 /* Dictionary+OAuthSwift.swift */,
				35058F761A12F8EF00019150 /* NSURL+OAuthSwift.swift */,
				35058F771A12F8EF00019150 /* String+OAuthSwift.swift */,
			);
			path = extension;
			sourceTree = "<group>";
		};
		35058F811A12F8EF00019150 /* OAuthSwift */ = {
			isa = PBXGroup;
			children = (
				35058F781A12F8EF00019150 /* extension */,
				35058F791A12F8EF00019150 /* OAuth1Swift.swift */,
				35058F7A1A12F8EF00019150 /* OAuth2Swift.swift */,
				35058F7B1A12F8EF00019150 /* OAuthSwiftClient.swift */,
				35058F7C1A12F8EF00019150 /* OAuthSwiftCredential.swift */,
				35058F7D1A12F8EF00019150 /* OAuthSwiftHTTPRequest.swift */,
				35058F7E1A12F8EF00019150 /* HMACSHA1Signature.h */,
				35058F7F1A12F8EF00019150 /* HMACSHA1Signature.m */,
				35058F801A12F8EF00019150 /* OAuthSwift-Bridging-Header.h */,
			);
			name = OAuthSwift;
			path = ../OAuthSwift/OAuthSwift;
			sourceTree = "<group>";
		};
		359DD41219EE4E49002D6495 /* Products */ = {
			isa = PBXGroup;
			children = (
				359DD41919EE4E49002D6495 /* SwiftHTTP.framework */,
				359DD41B19EE4E49002D6495 /* SwiftHTTPTests.xctest */,
				359DD41D19EE4E49002D6495 /* SwiftHTTPOSX.framework */,
				359DD41F19EE4E49002D6495 /* SwiftHTTPOSXTests.xctest */,
			);
			name = Products;
			sourceTree = "<group>";
		};
		63DC63E819B9416600F7981C = {
			isa = PBXGroup;
			children = (
				35058F811A12F8EF00019150 /* OAuthSwift */,
				35058F6C1A12F68400019150 /* OAuthSwift.xcodeproj */,
				359DD41119EE4E49002D6495 /* SwiftHTTP.xcodeproj */,
				63DC63F319B9416700F7981C /* wgo */,
				63DC640819B9416800F7981C /* wgoTests */,
				63DC63F219B9416700F7981C /* Products */,
			);
			sourceTree = "<group>";
		};
		63DC63F219B9416700F7981C /* Products */ = {
			isa = PBXGroup;
			children = (
				63DC63F119B9416700F7981C /* wgo.app */,
				63DC640519B9416800F7981C /* wgoTests.xctest */,
			);
			name = Products;
			sourceTree = "<group>";
		};
		63DC63F319B9416700F7981C /* wgo */ = {
			isa = PBXGroup;
			children = (
				35058F8B1A12F97500019150 /* Constants.swift */,
				B950931A1A11B56B008F9312 /* AddEventView.swift */,
				B90CC5D01A11989E00C67ED7 /* CalenderController.swift */,
				63DC63F619B9416700F7981C /* AppDelegate.swift */,
				63DC63F819B9416700F7981C /* FirstViewController.swift */,
				63DC63FA19B9416700F7981C /* SecondViewController.swift */,
				63DC63FC19B9416800F7981C /* Main.storyboard */,
				B9AD9F961A0862050045FDD4 /* EventsViewController.swift */,
				637279E819DBA10800721AD0 /* LoginController.swift */,
				63DC63FF19B9416800F7981C /* Images.xcassets */,
				63DC63F419B9416700F7981C /* Supporting Files */,
				63B0B0D219E4C15600A281B1 /* Poster.swift */,
				63B0B0D419E4EC4700A281B1 /* User.swift */,
				3592877919EF2B0A0005719B /* User.xcdatamodeld */,
				3592877C19EF2B520005719B /* UserEn.swift */,
				B95A01B01A09553F00ECDEB4 /* View.xib */,
			);
			path = wgo;
			sourceTree = "<group>";
		};
		63DC63F419B9416700F7981C /* Supporting Files */ = {
			isa = PBXGroup;
			children = (
				63DC63F519B9416700F7981C /* Info.plist */,
			);
			name = "Supporting Files";
			sourceTree = "<group>";
		};
		63DC640819B9416800F7981C /* wgoTests */ = {
			isa = PBXGroup;
			children = (
				63DC640B19B9416800F7981C /* wgoTests.swift */,
				63DC640919B9416800F7981C /* Supporting Files */,
			);
			path = wgoTests;
			sourceTree = "<group>";
		};
		63DC640919B9416800F7981C /* Supporting Files */ = {
			isa = PBXGroup;
			children = (
				63DC640A19B9416800F7981C /* Info.plist */,
			);
			name = "Supporting Files";
			sourceTree = "<group>";
		};
/* End PBXGroup section */

/* Begin PBXNativeTarget section */
		63DC63F019B9416700F7981C /* wgo */ = {
			isa = PBXNativeTarget;
			buildConfigurationList = 63DC640F19B9416800F7981C /* Build configuration list for PBXNativeTarget "wgo" */;
			buildPhases = (
				63DC63ED19B9416700F7981C /* Sources */,
				63DC63EE19B9416700F7981C /* Frameworks */,
				63DC63EF19B9416700F7981C /* Resources */,
				353BEF6119EE6C7A0075263B /* Embed Frameworks */,
			);
			buildRules = (
			);
			dependencies = (
				353BEF6019EE6C790075263B /* PBXTargetDependency */,
			);
			name = wgo;
			productName = wgo;
			productReference = 63DC63F119B9416700F7981C /* wgo.app */;
			productType = "com.apple.product-type.application";
		};
		63DC640419B9416800F7981C /* wgoTests */ = {
			isa = PBXNativeTarget;
			buildConfigurationList = 63DC641219B9416800F7981C /* Build configuration list for PBXNativeTarget "wgoTests" */;
			buildPhases = (
				63DC640119B9416800F7981C /* Sources */,
				63DC640219B9416800F7981C /* Frameworks */,
				63DC640319B9416800F7981C /* Resources */,
			);
			buildRules = (
			);
			dependencies = (
				63DC640719B9416800F7981C /* PBXTargetDependency */,
			);
			name = wgoTests;
			productName = wgoTests;
			productReference = 63DC640519B9416800F7981C /* wgoTests.xctest */;
			productType = "com.apple.product-type.bundle.unit-test";
		};
/* End PBXNativeTarget section */

/* Begin PBXProject section */
		63DC63E919B9416600F7981C /* Project object */ = {
			isa = PBXProject;
			attributes = {
				LastUpgradeCheck = 0610;
				ORGANIZATIONNAME = DJSS;
				TargetAttributes = {
					63DC63F019B9416700F7981C = {
						CreatedOnToolsVersion = 6.0;
						DevelopmentTeam = 4L6WB7KG6Z;
					};
					63DC640419B9416800F7981C = {
						CreatedOnToolsVersion = 6.0;
						TestTargetID = 63DC63F019B9416700F7981C;
					};
				};
			};
			buildConfigurationList = 63DC63EC19B9416600F7981C /* Build configuration list for PBXProject "wgo" */;
			compatibilityVersion = "Xcode 3.2";
			developmentRegion = English;
			hasScannedForEncodings = 0;
			knownRegions = (
				en,
				Base,
			);
			mainGroup = 63DC63E819B9416600F7981C;
			productRefGroup = 63DC63F219B9416700F7981C /* Products */;
			projectDirPath = "";
			projectReferences = (
				{
					ProductGroup = 35058F6D1A12F68400019150 /* Products */;
					ProjectRef = 35058F6C1A12F68400019150 /* OAuthSwift.xcodeproj */;
				},
				{
					ProductGroup = 359DD41219EE4E49002D6495 /* Products */;
					ProjectRef = 359DD41119EE4E49002D6495 /* SwiftHTTP.xcodeproj */;
				},
			);
			projectRoot = "";
			targets = (
				63DC63F019B9416700F7981C /* wgo */,
				63DC640419B9416800F7981C /* wgoTests */,
			);
		};
/* End PBXProject section */

/* Begin PBXReferenceProxy section */
		35058F721A12F68400019150 /* OAuthSwift.app */ = {
			isa = PBXReferenceProxy;
			fileType = wrapper.application;
			path = OAuthSwift.app;
			remoteRef = 35058F711A12F68400019150 /* PBXContainerItemProxy */;
			sourceTree = BUILT_PRODUCTS_DIR;
		};
		35058F741A12F68400019150 /* OAuthSwiftTests.xctest */ = {
			isa = PBXReferenceProxy;
			fileType = wrapper.cfbundle;
			path = OAuthSwiftTests.xctest;
			remoteRef = 35058F731A12F68400019150 /* PBXContainerItemProxy */;
			sourceTree = BUILT_PRODUCTS_DIR;
		};
		359DD41919EE4E49002D6495 /* SwiftHTTP.framework */ = {
			isa = PBXReferenceProxy;
			fileType = wrapper.framework;
			path = SwiftHTTP.framework;
			remoteRef = 359DD41819EE4E49002D6495 /* PBXContainerItemProxy */;
			sourceTree = BUILT_PRODUCTS_DIR;
		};
		359DD41B19EE4E49002D6495 /* SwiftHTTPTests.xctest */ = {
			isa = PBXReferenceProxy;
			fileType = wrapper.cfbundle;
			path = SwiftHTTPTests.xctest;
			remoteRef = 359DD41A19EE4E49002D6495 /* PBXContainerItemProxy */;
			sourceTree = BUILT_PRODUCTS_DIR;
		};
		359DD41D19EE4E49002D6495 /* SwiftHTTPOSX.framework */ = {
			isa = PBXReferenceProxy;
			fileType = wrapper.framework;
			path = SwiftHTTPOSX.framework;
			remoteRef = 359DD41C19EE4E49002D6495 /* PBXContainerItemProxy */;
			sourceTree = BUILT_PRODUCTS_DIR;
		};
		359DD41F19EE4E49002D6495 /* SwiftHTTPOSXTests.xctest */ = {
			isa = PBXReferenceProxy;
			fileType = wrapper.cfbundle;
			path = SwiftHTTPOSXTests.xctest;
			remoteRef = 359DD41E19EE4E49002D6495 /* PBXContainerItemProxy */;
			sourceTree = BUILT_PRODUCTS_DIR;
		};
/* End PBXReferenceProxy section */

/* Begin PBXResourcesBuildPhase section */
		63DC63EF19B9416700F7981C /* Resources */ = {
			isa = PBXResourcesBuildPhase;
			buildActionMask = 2147483647;
			files = (
				63DC63FE19B9416800F7981C /* Main.storyboard in Resources */,
				B95A01B11A09553F00ECDEB4 /* View.xib in Resources */,
				63DC640019B9416800F7981C /* Images.xcassets in Resources */,
			);
			runOnlyForDeploymentPostprocessing = 0;
		};
		63DC640319B9416800F7981C /* Resources */ = {
			isa = PBXResourcesBuildPhase;
			buildActionMask = 2147483647;
			files = (
			);
			runOnlyForDeploymentPostprocessing = 0;
		};
/* End PBXResourcesBuildPhase section */

/* Begin PBXSourcesBuildPhase section */
		63DC63ED19B9416700F7981C /* Sources */ = {
			isa = PBXSourcesBuildPhase;
			buildActionMask = 2147483647;
			files = (
				35058F871A12F8EF00019150 /* OAuthSwiftClient.swift in Sources */,
				63B0B0D319E4C15600A281B1 /* Poster.swift in Sources */,
				35058F8A1A12F8EF00019150 /* HMACSHA1Signature.m in Sources */,
				3592877D19EF2B520005719B /* UserEn.swift in Sources */,
				35058F841A12F8EF00019150 /* String+OAuthSwift.swift in Sources */,
				35058F881A12F8EF00019150 /* OAuthSwiftCredential.swift in Sources */,
				63DC63FB19B9416700F7981C /* SecondViewController.swift in Sources */,
				63B0B0D519E4EC4700A281B1 /* User.swift in Sources */,
				637279E919DBA10800721AD0 /* LoginController.swift in Sources */,
				35058F831A12F8EF00019150 /* NSURL+OAuthSwift.swift in Sources */,
				35058F821A12F8EF00019150 /* Dictionary+OAuthSwift.swift in Sources */,
				35058F8C1A12F97500019150 /* Constants.swift in Sources */,
				3592877B19EF2B0A0005719B /* User.xcdatamodeld in Sources */,
				B950931B1A11B56B008F9312 /* AddEventView.swift in Sources */,
				35058F851A12F8EF00019150 /* OAuth1Swift.swift in Sources */,
				63DC63F719B9416700F7981C /* AppDelegate.swift in Sources */,
				35058F861A12F8EF00019150 /* OAuth2Swift.swift in Sources */,
				63DC63F919B9416700F7981C /* FirstViewController.swift in Sources */,
				35058F891A12F8EF00019150 /* OAuthSwiftHTTPRequest.swift in Sources */,
				B9AD9F971A0862050045FDD4 /* EventsViewController.swift in Sources */,
				B90CC5D11A11989E00C67ED7 /* CalenderController.swift in Sources */,
			);
			runOnlyForDeploymentPostprocessing = 0;
		};
		63DC640119B9416800F7981C /* Sources */ = {
			isa = PBXSourcesBuildPhase;
			buildActionMask = 2147483647;
			files = (
				63DC640C19B9416800F7981C /* wgoTests.swift in Sources */,
			);
			runOnlyForDeploymentPostprocessing = 0;
		};
/* End PBXSourcesBuildPhase section */

/* Begin PBXTargetDependency section */
		353BEF6019EE6C790075263B /* PBXTargetDependency */ = {
			isa = PBXTargetDependency;
			name = SwiftHTTP;
			targetProxy = 353BEF5F19EE6C790075263B /* PBXContainerItemProxy */;
		};
		63DC640719B9416800F7981C /* PBXTargetDependency */ = {
			isa = PBXTargetDependency;
			target = 63DC63F019B9416700F7981C /* wgo */;
			targetProxy = 63DC640619B9416800F7981C /* PBXContainerItemProxy */;
		};
/* End PBXTargetDependency section */

/* Begin PBXVariantGroup section */
		63DC63FC19B9416800F7981C /* Main.storyboard */ = {
			isa = PBXVariantGroup;
			children = (
				63DC63FD19B9416800F7981C /* Base */,
			);
			name = Main.storyboard;
			sourceTree = "<group>";
		};
/* End PBXVariantGroup section */

/* Begin XCBuildConfiguration section */
		63DC640D19B9416800F7981C /* Debug */ = {
			isa = XCBuildConfiguration;
			buildSettings = {
				ALWAYS_SEARCH_USER_PATHS = NO;
				CLANG_CXX_LANGUAGE_STANDARD = "gnu++0x";
				CLANG_CXX_LIBRARY = "libc++";
				CLANG_ENABLE_MODULES = YES;
				CLANG_ENABLE_OBJC_ARC = YES;
				CLANG_WARN_BOOL_CONVERSION = YES;
				CLANG_WARN_CONSTANT_CONVERSION = YES;
				CLANG_WARN_DIRECT_OBJC_ISA_USAGE = YES_ERROR;
				CLANG_WARN_EMPTY_BODY = YES;
				CLANG_WARN_ENUM_CONVERSION = YES;
				CLANG_WARN_INT_CONVERSION = YES;
				CLANG_WARN_OBJC_ROOT_CLASS = YES_ERROR;
				CLANG_WARN_UNREACHABLE_CODE = YES;
				CLANG_WARN__DUPLICATE_METHOD_MATCH = YES;
				"CODE_SIGN_IDENTITY[sdk=iphoneos*]" = "iPhone Developer";
				COPY_PHASE_STRIP = NO;
				ENABLE_STRICT_OBJC_MSGSEND = YES;
				GCC_C_LANGUAGE_STANDARD = gnu99;
				GCC_DYNAMIC_NO_PIC = NO;
				GCC_OPTIMIZATION_LEVEL = 0;
				GCC_PREPROCESSOR_DEFINITIONS = (
					"DEBUG=1",
					"$(inherited)",
				);
				GCC_SYMBOLS_PRIVATE_EXTERN = NO;
				GCC_WARN_64_TO_32_BIT_CONVERSION = YES;
				GCC_WARN_ABOUT_RETURN_TYPE = YES_ERROR;
				GCC_WARN_UNDECLARED_SELECTOR = YES;
				GCC_WARN_UNINITIALIZED_AUTOS = YES_AGGRESSIVE;
				GCC_WARN_UNUSED_FUNCTION = YES;
				GCC_WARN_UNUSED_VARIABLE = YES;
				IPHONEOS_DEPLOYMENT_TARGET = 8.1;
				MTL_ENABLE_DEBUG_INFO = YES;
				ONLY_ACTIVE_ARCH = YES;
				SDKROOT = iphoneos;
				SWIFT_OBJC_BRIDGING_HEADER = "OAuthSwift/OAuthSwift-Bridging-Header.h";
				SWIFT_OPTIMIZATION_LEVEL = "-Onone";
			};
			name = Debug;
		};
		63DC640E19B9416800F7981C /* Release */ = {
			isa = XCBuildConfiguration;
			buildSettings = {
				ALWAYS_SEARCH_USER_PATHS = NO;
				CLANG_CXX_LANGUAGE_STANDARD = "gnu++0x";
				CLANG_CXX_LIBRARY = "libc++";
				CLANG_ENABLE_MODULES = YES;
				CLANG_ENABLE_OBJC_ARC = YES;
				CLANG_WARN_BOOL_CONVERSION = YES;
				CLANG_WARN_CONSTANT_CONVERSION = YES;
				CLANG_WARN_DIRECT_OBJC_ISA_USAGE = YES_ERROR;
				CLANG_WARN_EMPTY_BODY = YES;
				CLANG_WARN_ENUM_CONVERSION = YES;
				CLANG_WARN_INT_CONVERSION = YES;
				CLANG_WARN_OBJC_ROOT_CLASS = YES_ERROR;
				CLANG_WARN_UNREACHABLE_CODE = YES;
				CLANG_WARN__DUPLICATE_METHOD_MATCH = YES;
				"CODE_SIGN_IDENTITY[sdk=iphoneos*]" = "iPhone Developer";
				COPY_PHASE_STRIP = YES;
				ENABLE_NS_ASSERTIONS = NO;
				ENABLE_STRICT_OBJC_MSGSEND = YES;
				GCC_C_LANGUAGE_STANDARD = gnu99;
				GCC_WARN_64_TO_32_BIT_CONVERSION = YES;
				GCC_WARN_ABOUT_RETURN_TYPE = YES_ERROR;
				GCC_WARN_UNDECLARED_SELECTOR = YES;
				GCC_WARN_UNINITIALIZED_AUTOS = YES_AGGRESSIVE;
				GCC_WARN_UNUSED_FUNCTION = YES;
				GCC_WARN_UNUSED_VARIABLE = YES;
				IPHONEOS_DEPLOYMENT_TARGET = 8.1;
				MTL_ENABLE_DEBUG_INFO = NO;
				SDKROOT = iphoneos;
				SWIFT_OBJC_BRIDGING_HEADER = "OAuthSwift/OAuthSwift-Bridging-Header.h";
				VALIDATE_PRODUCT = YES;
			};
			name = Release;
		};
		63DC641019B9416800F7981C /* Debug */ = {
			isa = XCBuildConfiguration;
			buildSettings = {
				ASSETCATALOG_COMPILER_APPICON_NAME = AppIcon;
				ASSETCATALOG_COMPILER_LAUNCHIMAGE_NAME = LaunchImage;
				CODE_SIGN_IDENTITY = "iPhone Developer";
				"CODE_SIGN_IDENTITY[sdk=iphoneos*]" = "iPhone Developer";
				EMBEDDED_CONTENT_CONTAINS_SWIFT = YES;
				INFOPLIST_FILE = wgo/Info.plist;
				IPHONEOS_DEPLOYMENT_TARGET = 8.1;
				LD_RUNPATH_SEARCH_PATHS = "$(inherited) @executable_path/Frameworks";
				PRODUCT_NAME = "$(TARGET_NAME)";
				PROVISIONING_PROFILE = "";
			};
			name = Debug;
		};
		63DC641119B9416800F7981C /* Release */ = {
			isa = XCBuildConfiguration;
			buildSettings = {
				ASSETCATALOG_COMPILER_APPICON_NAME = AppIcon;
				ASSETCATALOG_COMPILER_LAUNCHIMAGE_NAME = LaunchImage;
				CODE_SIGN_IDENTITY = "iPhone Developer";
				"CODE_SIGN_IDENTITY[sdk=iphoneos*]" = "iPhone Developer";
				EMBEDDED_CONTENT_CONTAINS_SWIFT = YES;
				INFOPLIST_FILE = wgo/Info.plist;
				IPHONEOS_DEPLOYMENT_TARGET = 8.1;
				LD_RUNPATH_SEARCH_PATHS = "$(inherited) @executable_path/Frameworks";
				PRODUCT_NAME = "$(TARGET_NAME)";
				PROVISIONING_PROFILE = "";
			};
			name = Release;
		};
		63DC641319B9416800F7981C /* Debug */ = {
			isa = XCBuildConfiguration;
			buildSettings = {
				BUNDLE_LOADER = "$(TEST_HOST)";
				FRAMEWORK_SEARCH_PATHS = (
					"$(SDKROOT)/Developer/Library/Frameworks",
					"$(inherited)",
				);
				GCC_PREPROCESSOR_DEFINITIONS = (
					"DEBUG=1",
					"$(inherited)",
				);
				INFOPLIST_FILE = wgoTests/Info.plist;
				LD_RUNPATH_SEARCH_PATHS = "$(inherited) @executable_path/Frameworks @loader_path/Frameworks";
				PRODUCT_NAME = "$(TARGET_NAME)";
				TEST_HOST = "$(BUILT_PRODUCTS_DIR)/wgo.app/wgo";
			};
			name = Debug;
		};
		63DC641419B9416800F7981C /* Release */ = {
			isa = XCBuildConfiguration;
			buildSettings = {
				BUNDLE_LOADER = "$(TEST_HOST)";
				FRAMEWORK_SEARCH_PATHS = (
					"$(SDKROOT)/Developer/Library/Frameworks",
					"$(inherited)",
				);
				INFOPLIST_FILE = wgoTests/Info.plist;
				LD_RUNPATH_SEARCH_PATHS = "$(inherited) @executable_path/Frameworks @loader_path/Frameworks";
				PRODUCT_NAME = "$(TARGET_NAME)";
				TEST_HOST = "$(BUILT_PRODUCTS_DIR)/wgo.app/wgo";
			};
			name = Release;
		};
/* End XCBuildConfiguration section */

/* Begin XCConfigurationList section */
		63DC63EC19B9416600F7981C /* Build configuration list for PBXProject "wgo" */ = {
			isa = XCConfigurationList;
			buildConfigurations = (
				63DC640D19B9416800F7981C /* Debug */,
				63DC640E19B9416800F7981C /* Release */,
			);
			defaultConfigurationIsVisible = 0;
			defaultConfigurationName = Release;
		};
		63DC640F19B9416800F7981C /* Build configuration list for PBXNativeTarget "wgo" */ = {
			isa = XCConfigurationList;
			buildConfigurations = (
				63DC641019B9416800F7981C /* Debug */,
				63DC641119B9416800F7981C /* Release */,
			);
			defaultConfigurationIsVisible = 0;
			defaultConfigurationName = Release;
		};
		63DC641219B9416800F7981C /* Build configuration list for PBXNativeTarget "wgoTests" */ = {
			isa = XCConfigurationList;
			buildConfigurations = (
				63DC641319B9416800F7981C /* Debug */,
				63DC641419B9416800F7981C /* Release */,
			);
			defaultConfigurationIsVisible = 0;
			defaultConfigurationName = Release;
		};
/* End XCConfigurationList section */

/* Begin XCVersionGroup section */
		3592877919EF2B0A0005719B /* User.xcdatamodeld */ = {
			isa = XCVersionGroup;
			children = (
				3592877A19EF2B0A0005719B /* User.xcdatamodel */,
			);
			currentVersion = 3592877A19EF2B0A0005719B /* User.xcdatamodel */;
			path = User.xcdatamodeld;
			sourceTree = "<group>";
			versionGroupType = wrapper.xcdatamodel;
		};
/* End XCVersionGroup section */
	};
	rootObject = 63DC63E919B9416600F7981C /* Project object */;
}
